// !$*UTF8*$!
{
	archiveVersion = 1;
	classes = {
	};
	objectVersion = 50;
	objects = {

/* Begin PBXBuildFile section */
		B5A74C6E21B0E79B001526F2 /* AppDelegate.swift in Sources */ = {isa = PBXBuildFile; fileRef = B5A74C6D21B0E79B001526F2 /* AppDelegate.swift */; };
		B5A74C7021B0E79B001526F2 /* ViewController.swift in Sources */ = {isa = PBXBuildFile; fileRef = B5A74C6F21B0E79B001526F2 /* ViewController.swift */; };
		B5A74C7321B0E79B001526F2 /* Main.storyboard in Resources */ = {isa = PBXBuildFile; fileRef = B5A74C7121B0E79B001526F2 /* Main.storyboard */; };
		B5A74C7521B0E79D001526F2 /* Assets.xcassets in Resources */ = {isa = PBXBuildFile; fileRef = B5A74C7421B0E79D001526F2 /* Assets.xcassets */; };
		B5A74C7821B0E79D001526F2 /* LaunchScreen.storyboard in Resources */ = {isa = PBXBuildFile; fileRef = B5A74C7621B0E79D001526F2 /* LaunchScreen.storyboard */; };
		B5A74C8321B0E79D001526F2 /* VoicEDTests.swift in Sources */ = {isa = PBXBuildFile; fileRef = B5A74C8221B0E79D001526F2 /* VoicEDTests.swift */; };
		B5A74C8E21B0E79D001526F2 /* VoicEDUITests.swift in Sources */ = {isa = PBXBuildFile; fileRef = B5A74C8D21B0E79D001526F2 /* VoicEDUITests.swift */; };
		B5A74C9C21B0EA27001526F2 /* NativeLangViewController.swift in Sources */ = {isa = PBXBuildFile; fileRef = B5A74C9B21B0EA27001526F2 /* NativeLangViewController.swift */; };
		B5A74C9E21B0EDBA001526F2 /* LangToLearnViewController.swift in Sources */ = {isa = PBXBuildFile; fileRef = B5A74C9D21B0EDBA001526F2 /* LangToLearnViewController.swift */; };
		B5A74CA021B0F458001526F2 /* MainPageController.swift in Sources */ = {isa = PBXBuildFile; fileRef = B5A74C9F21B0F458001526F2 /* MainPageController.swift */; };
		B5A74CA621B11F17001526F2 /* TabBarController.swift in Sources */ = {isa = PBXBuildFile; fileRef = B5A74CA521B11F17001526F2 /* TabBarController.swift */; };
		B5A74CA821B12071001526F2 /* HomePageNavController.swift in Sources */ = {isa = PBXBuildFile; fileRef = B5A74CA721B12071001526F2 /* HomePageNavController.swift */; };
/* End PBXBuildFile section */

/* Begin PBXContainerItemProxy section */
		B5A74C7F21B0E79D001526F2 /* PBXContainerItemProxy */ = {
			isa = PBXContainerItemProxy;
			containerPortal = B5A74C6221B0E79B001526F2 /* Project object */;
			proxyType = 1;
			remoteGlobalIDString = B5A74C6921B0E79B001526F2;
			remoteInfo = VoicED;
		};
		B5A74C8A21B0E79D001526F2 /* PBXContainerItemProxy */ = {
			isa = PBXContainerItemProxy;
			containerPortal = B5A74C6221B0E79B001526F2 /* Project object */;
			proxyType = 1;
			remoteGlobalIDString = B5A74C6921B0E79B001526F2;
			remoteInfo = VoicED;
		};
/* End PBXContainerItemProxy section */

/* Begin PBXFileReference section */
		B5A74C6A21B0E79B001526F2 /* VoicED.app */ = {isa = PBXFileReference; explicitFileType = wrapper.application; includeInIndex = 0; path = VoicED.app; sourceTree = BUILT_PRODUCTS_DIR; };
		B5A74C6D21B0E79B001526F2 /* AppDelegate.swift */ = {isa = PBXFileReference; lastKnownFileType = sourcecode.swift; path = AppDelegate.swift; sourceTree = "<group>"; };
		B5A74C6F21B0E79B001526F2 /* ViewController.swift */ = {isa = PBXFileReference; lastKnownFileType = sourcecode.swift; path = ViewController.swift; sourceTree = "<group>"; };
		B5A74C7221B0E79B001526F2 /* Base */ = {isa = PBXFileReference; lastKnownFileType = file.storyboard; name = Base; path = Base.lproj/Main.storyboard; sourceTree = "<group>"; };
		B5A74C7421B0E79D001526F2 /* Assets.xcassets */ = {isa = PBXFileReference; lastKnownFileType = folder.assetcatalog; path = Assets.xcassets; sourceTree = "<group>"; };
		B5A74C7721B0E79D001526F2 /* Base */ = {isa = PBXFileReference; lastKnownFileType = file.storyboard; name = Base; path = Base.lproj/LaunchScreen.storyboard; sourceTree = "<group>"; };
		B5A74C7921B0E79D001526F2 /* Info.plist */ = {isa = PBXFileReference; lastKnownFileType = text.plist.xml; path = Info.plist; sourceTree = "<group>"; };
		B5A74C7E21B0E79D001526F2 /* VoicEDTests.xctest */ = {isa = PBXFileReference; explicitFileType = wrapper.cfbundle; includeInIndex = 0; path = VoicEDTests.xctest; sourceTree = BUILT_PRODUCTS_DIR; };
		B5A74C8221B0E79D001526F2 /* VoicEDTests.swift */ = {isa = PBXFileReference; lastKnownFileType = sourcecode.swift; path = VoicEDTests.swift; sourceTree = "<group>"; };
		B5A74C8421B0E79D001526F2 /* Info.plist */ = {isa = PBXFileReference; lastKnownFileType = text.plist.xml; path = Info.plist; sourceTree = "<group>"; };
		B5A74C8921B0E79D001526F2 /* VoicEDUITests.xctest */ = {isa = PBXFileReference; explicitFileType = wrapper.cfbundle; includeInIndex = 0; path = VoicEDUITests.xctest; sourceTree = BUILT_PRODUCTS_DIR; };
		B5A74C8D21B0E79D001526F2 /* VoicEDUITests.swift */ = {isa = PBXFileReference; lastKnownFileType = sourcecode.swift; path = VoicEDUITests.swift; sourceTree = "<group>"; };
		B5A74C8F21B0E79D001526F2 /* Info.plist */ = {isa = PBXFileReference; lastKnownFileType = text.plist.xml; path = Info.plist; sourceTree = "<group>"; };
		B5A74C9B21B0EA27001526F2 /* NativeLangViewController.swift */ = {isa = PBXFileReference; lastKnownFileType = sourcecode.swift; path = NativeLangViewController.swift; sourceTree = "<group>"; };
		B5A74C9D21B0EDBA001526F2 /* LangToLearnViewController.swift */ = {isa = PBXFileReference; lastKnownFileType = sourcecode.swift; path = LangToLearnViewController.swift; sourceTree = "<group>"; };
		B5A74C9F21B0F458001526F2 /* MainPageController.swift */ = {isa = PBXFileReference; lastKnownFileType = sourcecode.swift; path = MainPageController.swift; sourceTree = "<group>"; };
		B5A74CA521B11F17001526F2 /* TabBarController.swift */ = {isa = PBXFileReference; lastKnownFileType = sourcecode.swift; path = TabBarController.swift; sourceTree = "<group>"; };
		B5A74CA721B12071001526F2 /* HomePageNavController.swift */ = {isa = PBXFileReference; lastKnownFileType = sourcecode.swift; path = HomePageNavController.swift; sourceTree = "<group>"; };
/* End PBXFileReference section */

/* Begin PBXFrameworksBuildPhase section */
		B5A74C6721B0E79B001526F2 /* Frameworks */ = {
			isa = PBXFrameworksBuildPhase;
			buildActionMask = 2147483647;
			files = (
			);
			runOnlyForDeploymentPostprocessing = 0;
		};
		B5A74C7B21B0E79D001526F2 /* Frameworks */ = {
			isa = PBXFrameworksBuildPhase;
			buildActionMask = 2147483647;
			files = (
			);
			runOnlyForDeploymentPostprocessing = 0;
		};
		B5A74C8621B0E79D001526F2 /* Frameworks */ = {
			isa = PBXFrameworksBuildPhase;
			buildActionMask = 2147483647;
			files = (
			);
			runOnlyForDeploymentPostprocessing = 0;
		};
/* End PBXFrameworksBuildPhase section */

/* Begin PBXGroup section */
		B5A74C6121B0E79B001526F2 = {
			isa = PBXGroup;
			children = (
				B5A74C6C21B0E79B001526F2 /* VoicED */,
				B5A74C8121B0E79D001526F2 /* VoicEDTests */,
				B5A74C8C21B0E79D001526F2 /* VoicEDUITests */,
				B5A74C6B21B0E79B001526F2 /* Products */,
			);
			sourceTree = "<group>";
		};
		B5A74C6B21B0E79B001526F2 /* Products */ = {
			isa = PBXGroup;
			children = (
				B5A74C6A21B0E79B001526F2 /* VoicED.app */,
				B5A74C7E21B0E79D001526F2 /* VoicEDTests.xctest */,
				B5A74C8921B0E79D001526F2 /* VoicEDUITests.xctest */,
			);
			name = Products;
			sourceTree = "<group>";
		};
		B5A74C6C21B0E79B001526F2 /* VoicED */ = {
			isa = PBXGroup;
			children = (
				B5A74C9D21B0EDBA001526F2 /* LangToLearnViewController.swift */,
				B5A74C9F21B0F458001526F2 /* MainPageController.swift */,
				B5A74C6D21B0E79B001526F2 /* AppDelegate.swift */,
				B5A74C6F21B0E79B001526F2 /* ViewController.swift */,
				B5A74C7121B0E79B001526F2 /* Main.storyboard */,
				B5A74CA721B12071001526F2 /* HomePageNavController.swift */,
				B5A74CA521B11F17001526F2 /* TabBarController.swift */,
				B5A74C9B21B0EA27001526F2 /* NativeLangViewController.swift */,
				B5A74C7421B0E79D001526F2 /* Assets.xcassets */,
				B5A74C7621B0E79D001526F2 /* LaunchScreen.storyboard */,
				B5A74C7921B0E79D001526F2 /* Info.plist */,
			);
			path = VoicED;
			sourceTree = "<group>";
		};
		B5A74C8121B0E79D001526F2 /* VoicEDTests */ = {
			isa = PBXGroup;
			children = (
				B5A74C8221B0E79D001526F2 /* VoicEDTests.swift */,
				B5A74C8421B0E79D001526F2 /* Info.plist */,
			);
			path = VoicEDTests;
			sourceTree = "<group>";
		};
		B5A74C8C21B0E79D001526F2 /* VoicEDUITests */ = {
			isa = PBXGroup;
			children = (
				B5A74C8D21B0E79D001526F2 /* VoicEDUITests.swift */,
				B5A74C8F21B0E79D001526F2 /* Info.plist */,
			);
			path = VoicEDUITests;
			sourceTree = "<group>";
		};
/* End PBXGroup section */

/* Begin PBXNativeTarget section */
		B5A74C6921B0E79B001526F2 /* VoicED */ = {
			isa = PBXNativeTarget;
			buildConfigurationList = B5A74C9221B0E79D001526F2 /* Build configuration list for PBXNativeTarget "VoicED" */;
			buildPhases = (
				B5A74C6621B0E79B001526F2 /* Sources */,
				B5A74C6721B0E79B001526F2 /* Frameworks */,
				B5A74C6821B0E79B001526F2 /* Resources */,
			);
			buildRules = (
			);
			dependencies = (
			);
			name = VoicED;
			productName = VoicED;
			productReference = B5A74C6A21B0E79B001526F2 /* VoicED.app */;
			productType = "com.apple.product-type.application";
		};
		B5A74C7D21B0E79D001526F2 /* VoicEDTests */ = {
			isa = PBXNativeTarget;
			buildConfigurationList = B5A74C9521B0E79D001526F2 /* Build configuration list for PBXNativeTarget "VoicEDTests" */;
			buildPhases = (
				B5A74C7A21B0E79D001526F2 /* Sources */,
				B5A74C7B21B0E79D001526F2 /* Frameworks */,
				B5A74C7C21B0E79D001526F2 /* Resources */,
			);
			buildRules = (
			);
			dependencies = (
				B5A74C8021B0E79D001526F2 /* PBXTargetDependency */,
			);
			name = VoicEDTests;
			productName = VoicEDTests;
			productReference = B5A74C7E21B0E79D001526F2 /* VoicEDTests.xctest */;
			productType = "com.apple.product-type.bundle.unit-test";
		};
		B5A74C8821B0E79D001526F2 /* VoicEDUITests */ = {
			isa = PBXNativeTarget;
			buildConfigurationList = B5A74C9821B0E79D001526F2 /* Build configuration list for PBXNativeTarget "VoicEDUITests" */;
			buildPhases = (
				B5A74C8521B0E79D001526F2 /* Sources */,
				B5A74C8621B0E79D001526F2 /* Frameworks */,
				B5A74C8721B0E79D001526F2 /* Resources */,
			);
			buildRules = (
			);
			dependencies = (
				B5A74C8B21B0E79D001526F2 /* PBXTargetDependency */,
			);
			name = VoicEDUITests;
			productName = VoicEDUITests;
			productReference = B5A74C8921B0E79D001526F2 /* VoicEDUITests.xctest */;
			productType = "com.apple.product-type.bundle.ui-testing";
		};
/* End PBXNativeTarget section */

/* Begin PBXProject section */
		B5A74C6221B0E79B001526F2 /* Project object */ = {
			isa = PBXProject;
			attributes = {
				LastSwiftUpdateCheck = 1010;
				LastUpgradeCheck = 1010;
				ORGANIZATIONNAME = "Lilly Zhou";
				TargetAttributes = {
					B5A74C6921B0E79B001526F2 = {
						CreatedOnToolsVersion = 10.1;
					};
					B5A74C7D21B0E79D001526F2 = {
						CreatedOnToolsVersion = 10.1;
						TestTargetID = B5A74C6921B0E79B001526F2;
					};
					B5A74C8821B0E79D001526F2 = {
						CreatedOnToolsVersion = 10.1;
						TestTargetID = B5A74C6921B0E79B001526F2;
					};
				};
			};
			buildConfigurationList = B5A74C6521B0E79B001526F2 /* Build configuration list for PBXProject "VoicED" */;
			compatibilityVersion = "Xcode 9.3";
			developmentRegion = en;
			hasScannedForEncodings = 0;
			knownRegions = (
				en,
				Base,
			);
			mainGroup = B5A74C6121B0E79B001526F2;
			productRefGroup = B5A74C6B21B0E79B001526F2 /* Products */;
			projectDirPath = "";
			projectRoot = "";
			targets = (
				B5A74C6921B0E79B001526F2 /* VoicED */,
				B5A74C7D21B0E79D001526F2 /* VoicEDTests */,
				B5A74C8821B0E79D001526F2 /* VoicEDUITests */,
			);
		};
/* End PBXProject section */

/* Begin PBXResourcesBuildPhase section */
		B5A74C6821B0E79B001526F2 /* Resources */ = {
			isa = PBXResourcesBuildPhase;
			buildActionMask = 2147483647;
			files = (
				B5A74C7821B0E79D001526F2 /* LaunchScreen.storyboard in Resources */,
				B5A74C7521B0E79D001526F2 /* Assets.xcassets in Resources */,
				B5A74C7321B0E79B001526F2 /* Main.storyboard in Resources */,
			);
			runOnlyForDeploymentPostprocessing = 0;
		};
		B5A74C7C21B0E79D001526F2 /* Resources */ = {
			isa = PBXResourcesBuildPhase;
			buildActionMask = 2147483647;
			files = (
			);
			runOnlyForDeploymentPostprocessing = 0;
		};
		B5A74C8721B0E79D001526F2 /* Resources */ = {
			isa = PBXResourcesBuildPhase;
			buildActionMask = 2147483647;
			files = (
			);
			runOnlyForDeploymentPostprocessing = 0;
		};
/* End PBXResourcesBuildPhase section */

/* Begin PBXSourcesBuildPhase section */
		B5A74C6621B0E79B001526F2 /* Sources */ = {
			isa = PBXSourcesBuildPhase;
			buildActionMask = 2147483647;
			files = (
				B5A74CA021B0F458001526F2 /* MainPageController.swift in Sources */,
				B5A74C9E21B0EDBA001526F2 /* LangToLearnViewController.swift in Sources */,
				B5A74CA821B12071001526F2 /* HomePageNavController.swift in Sources */,
				B5A74CA621B11F17001526F2 /* TabBarController.swift in Sources */,
				B5A74C7021B0E79B001526F2 /* ViewController.swift in Sources */,
				B5A74C9C21B0EA27001526F2 /* NativeLangViewController.swift in Sources */,
				B5A74C6E21B0E79B001526F2 /* AppDelegate.swift in Sources */,
			);
			runOnlyForDeploymentPostprocessing = 0;
		};
		B5A74C7A21B0E79D001526F2 /* Sources */ = {
			isa = PBXSourcesBuildPhase;
			buildActionMask = 2147483647;
			files = (
				B5A74C8321B0E79D001526F2 /* VoicEDTests.swift in Sources */,
			);
			runOnlyForDeploymentPostprocessing = 0;
		};
		B5A74C8521B0E79D001526F2 /* Sources */ = {
			isa = PBXSourcesBuildPhase;
			buildActionMask = 2147483647;
			files = (
				B5A74C8E21B0E79D001526F2 /* VoicEDUITests.swift in Sources */,
			);
			runOnlyForDeploymentPostprocessing = 0;
		};
/* End PBXSourcesBuildPhase section */

/* Begin PBXTargetDependency section */
		B5A74C8021B0E79D001526F2 /* PBXTargetDependency */ = {
			isa = PBXTargetDependency;
			target = B5A74C6921B0E79B001526F2 /* VoicED */;
			targetProxy = B5A74C7F21B0E79D001526F2 /* PBXContainerItemProxy */;
		};
		B5A74C8B21B0E79D001526F2 /* PBXTargetDependency */ = {
			isa = PBXTargetDependency;
			target = B5A74C6921B0E79B001526F2 /* VoicED */;
			targetProxy = B5A74C8A21B0E79D001526F2 /* PBXContainerItemProxy */;
		};
/* End PBXTargetDependency section */

/* Begin PBXVariantGroup section */
		B5A74C7121B0E79B001526F2 /* Main.storyboard */ = {
			isa = PBXVariantGroup;
			children = (
				B5A74C7221B0E79B001526F2 /* Base */,
			);
			name = Main.storyboard;
			sourceTree = "<group>";
		};
		B5A74C7621B0E79D001526F2 /* LaunchScreen.storyboard */ = {
			isa = PBXVariantGroup;
			children = (
				B5A74C7721B0E79D001526F2 /* Base */,
			);
			name = LaunchScreen.storyboard;
			sourceTree = "<group>";
		};
/* End PBXVariantGroup section */

/* Begin XCBuildConfiguration section */
		B5A74C9021B0E79D001526F2 /* Debug */ = {
			isa = XCBuildConfiguration;
			buildSettings = {
				ALWAYS_SEARCH_USER_PATHS = NO;
				CLANG_ANALYZER_NONNULL = YES;
				CLANG_ANALYZER_NUMBER_OBJECT_CONVERSION = YES_AGGRESSIVE;
				CLANG_CXX_LANGUAGE_STANDARD = "gnu++14";
				CLANG_CXX_LIBRARY = "libc++";
				CLANG_ENABLE_MODULES = YES;
				CLANG_ENABLE_OBJC_ARC = YES;
				CLANG_ENABLE_OBJC_WEAK = YES;
				CLANG_WARN_BLOCK_CAPTURE_AUTORELEASING = YES;
				CLANG_WARN_BOOL_CONVERSION = YES;
				CLANG_WARN_COMMA = YES;
				CLANG_WARN_CONSTANT_CONVERSION = YES;
				CLANG_WARN_DEPRECATED_OBJC_IMPLEMENTATIONS = YES;
				CLANG_WARN_DIRECT_OBJC_ISA_USAGE = YES_ERROR;
				CLANG_WARN_DOCUMENTATION_COMMENTS = YES;
				CLANG_WARN_EMPTY_BODY = YES;
				CLANG_WARN_ENUM_CONVERSION = YES;
				CLANG_WARN_INFINITE_RECURSION = YES;
				CLANG_WARN_INT_CONVERSION = YES;
				CLANG_WARN_NON_LITERAL_NULL_CONVERSION = YES;
				CLANG_WARN_OBJC_IMPLICIT_RETAIN_SELF = YES;
				CLANG_WARN_OBJC_LITERAL_CONVERSION = YES;
				CLANG_WARN_OBJC_ROOT_CLASS = YES_ERROR;
				CLANG_WARN_RANGE_LOOP_ANALYSIS = YES;
				CLANG_WARN_STRICT_PROTOTYPES = YES;
				CLANG_WARN_SUSPICIOUS_MOVE = YES;
				CLANG_WARN_UNGUARDED_AVAILABILITY = YES_AGGRESSIVE;
				CLANG_WARN_UNREACHABLE_CODE = YES;
				CLANG_WARN__DUPLICATE_METHOD_MATCH = YES;
				CODE_SIGN_IDENTITY = "iPhone Developer";
				COPY_PHASE_STRIP = NO;
				DEBUG_INFORMATION_FORMAT = dwarf;
				ENABLE_STRICT_OBJC_MSGSEND = YES;
				ENABLE_TESTABILITY = YES;
				GCC_C_LANGUAGE_STANDARD = gnu11;
				GCC_DYNAMIC_NO_PIC = NO;
				GCC_NO_COMMON_BLOCKS = YES;
				GCC_OPTIMIZATION_LEVEL = 0;
				GCC_PREPROCESSOR_DEFINITIONS = (
					"DEBUG=1",
					"$(inherited)",
				);
				GCC_WARN_64_TO_32_BIT_CONVERSION = YES;
				GCC_WARN_ABOUT_RETURN_TYPE = YES_ERROR;
				GCC_WARN_UNDECLARED_SELECTOR = YES;
				GCC_WARN_UNINITIALIZED_AUTOS = YES_AGGRESSIVE;
				GCC_WARN_UNUSED_FUNCTION = YES;
				GCC_WARN_UNUSED_VARIABLE = YES;
				IPHONEOS_DEPLOYMENT_TARGET = 12.1;
				MTL_ENABLE_DEBUG_INFO = INCLUDE_SOURCE;
				MTL_FAST_MATH = YES;
				ONLY_ACTIVE_ARCH = YES;
				SDKROOT = iphoneos;
				SWIFT_ACTIVE_COMPILATION_CONDITIONS = DEBUG;
				SWIFT_OPTIMIZATION_LEVEL = "-Onone";
			};
			name = Debug;
		};
		B5A74C9121B0E79D001526F2 /* Release */ = {
			isa = XCBuildConfiguration;
			buildSettings = {
				ALWAYS_SEARCH_USER_PATHS = NO;
				CLANG_ANALYZER_NONNULL = YES;
				CLANG_ANALYZER_NUMBER_OBJECT_CONVERSION = YES_AGGRESSIVE;
				CLANG_CXX_LANGUAGE_STANDARD = "gnu++14";
				CLANG_CXX_LIBRARY = "libc++";
				CLANG_ENABLE_MODULES = YES;
				CLANG_ENABLE_OBJC_ARC = YES;
				CLANG_ENABLE_OBJC_WEAK = YES;
				CLANG_WARN_BLOCK_CAPTURE_AUTORELEASING = YES;
				CLANG_WARN_BOOL_CONVERSION = YES;
				CLANG_WARN_COMMA = YES;
				CLANG_WARN_CONSTANT_CONVERSION = YES;
				CLANG_WARN_DEPRECATED_OBJC_IMPLEMENTATIONS = YES;
				CLANG_WARN_DIRECT_OBJC_ISA_USAGE = YES_ERROR;
				CLANG_WARN_DOCUMENTATION_COMMENTS = YES;
				CLANG_WARN_EMPTY_BODY = YES;
				CLANG_WARN_ENUM_CONVERSION = YES;
				CLANG_WARN_INFINITE_RECURSION = YES;
				CLANG_WARN_INT_CONVERSION = YES;
				CLANG_WARN_NON_LITERAL_NULL_CONVERSION = YES;
				CLANG_WARN_OBJC_IMPLICIT_RETAIN_SELF = YES;
				CLANG_WARN_OBJC_LITERAL_CONVERSION = YES;
				CLANG_WARN_OBJC_ROOT_CLASS = YES_ERROR;
				CLANG_WARN_RANGE_LOOP_ANALYSIS = YES;
				CLANG_WARN_STRICT_PROTOTYPES = YES;
				CLANG_WARN_SUSPICIOUS_MOVE = YES;
				CLANG_WARN_UNGUARDED_AVAILABILITY = YES_AGGRESSIVE;
				CLANG_WARN_UNREACHABLE_CODE = YES;
				CLANG_WARN__DUPLICATE_METHOD_MATCH = YES;
				CODE_SIGN_IDENTITY = "iPhone Developer";
				COPY_PHASE_STRIP = NO;
				DEBUG_INFORMATION_FORMAT = "dwarf-with-dsym";
				ENABLE_NS_ASSERTIONS = NO;
				ENABLE_STRICT_OBJC_MSGSEND = YES;
				GCC_C_LANGUAGE_STANDARD = gnu11;
				GCC_NO_COMMON_BLOCKS = YES;
				GCC_WARN_64_TO_32_BIT_CONVERSION = YES;
				GCC_WARN_ABOUT_RETURN_TYPE = YES_ERROR;
				GCC_WARN_UNDECLARED_SELECTOR = YES;
				GCC_WARN_UNINITIALIZED_AUTOS = YES_AGGRESSIVE;
				GCC_WARN_UNUSED_FUNCTION = YES;
				GCC_WARN_UNUSED_VARIABLE = YES;
				IPHONEOS_DEPLOYMENT_TARGET = 12.1;
				MTL_ENABLE_DEBUG_INFO = NO;
				MTL_FAST_MATH = YES;
				SDKROOT = iphoneos;
				SWIFT_COMPILATION_MODE = wholemodule;
				SWIFT_OPTIMIZATION_LEVEL = "-O";
				VALIDATE_PRODUCT = YES;
			};
			name = Release;
		};
		B5A74C9321B0E79D001526F2 /* Debug */ = {
			isa = XCBuildConfiguration;
			buildSettings = {
				ASSETCATALOG_COMPILER_APPICON_NAME = AppIcon;
				CODE_SIGN_STYLE = Automatic;
				DEVELOPMENT_TEAM = KX88HY9L2T;
				INFOPLIST_FILE = VoicED/Info.plist;
				LD_RUNPATH_SEARCH_PATHS = (
					"$(inherited)",
					"@executable_path/Frameworks",
				);
				PRODUCT_BUNDLE_IDENTIFIER = com.lillyzhou.VoicED;
				PRODUCT_NAME = "$(TARGET_NAME)";
				SWIFT_VERSION = 4.2;
				TARGETED_DEVICE_FAMILY = "1,2";
			};
			name = Debug;
		};
		B5A74C9421B0E79D001526F2 /* Release */ = {
			isa = XCBuildConfiguration;
			buildSettings = {
				ASSETCATALOG_COMPILER_APPICON_NAME = AppIcon;
				CODE_SIGN_STYLE = Automatic;
				DEVELOPMENT_TEAM = KX88HY9L2T;
				INFOPLIST_FILE = VoicED/Info.plist;
				LD_RUNPATH_SEARCH_PATHS = (
					"$(inherited)",
					"@executable_path/Frameworks",
				);
				PRODUCT_BUNDLE_IDENTIFIER = com.lillyzhou.VoicED;
				PRODUCT_NAME = "$(TARGET_NAME)";
				SWIFT_VERSION = 4.2;
				TARGETED_DEVICE_FAMILY = "1,2";
			};
			name = Release;
		};
		B5A74C9621B0E79D001526F2 /* Debug */ = {
			isa = XCBuildConfiguration;
			buildSettings = {
				ALWAYS_EMBED_SWIFT_STANDARD_LIBRARIES = YES;
				BUNDLE_LOADER = "$(TEST_HOST)";
				CODE_SIGN_STYLE = Automatic;
				DEVELOPMENT_TEAM = KX88HY9L2T;
				INFOPLIST_FILE = VoicEDTests/Info.plist;
				LD_RUNPATH_SEARCH_PATHS = (
					"$(inherited)",
					"@executable_path/Frameworks",
					"@loader_path/Frameworks",
				);
				PRODUCT_BUNDLE_IDENTIFIER = com.lillyzhou.VoicEDTests;
				PRODUCT_NAME = "$(TARGET_NAME)";
				SWIFT_VERSION = 4.2;
				TARGETED_DEVICE_FAMILY = "1,2";
				TEST_HOST = "$(BUILT_PRODUCTS_DIR)/VoicED.app/VoicED";
			};
			name = Debug;
		};
		B5A74C9721B0E79D001526F2 /* Release */ = {
			isa = XCBuildConfiguration;
			buildSettings = {
				ALWAYS_EMBED_SWIFT_STANDARD_LIBRARIES = YES;
				BUNDLE_LOADER = "$(TEST_HOST)";
				CODE_SIGN_STYLE = Automatic;
				DEVELOPMENT_TEAM = KX88HY9L2T;
				INFOPLIST_FILE = VoicEDTests/Info.plist;
				LD_RUNPATH_SEARCH_PATHS = (
					"$(inherited)",
					"@executable_path/Frameworks",
					"@loader_path/Frameworks",
				);
				PRODUCT_BUNDLE_IDENTIFIER = com.lillyzhou.VoicEDTests;
				PRODUCT_NAME = "$(TARGET_NAME)";
				SWIFT_VERSION = 4.2;
				TARGETED_DEVICE_FAMILY = "1,2";
				TEST_HOST = "$(BUILT_PRODUCTS_DIR)/VoicED.app/VoicED";
			};
			name = Release;
		};
		B5A74C9921B0E79D001526F2 /* Debug */ = {
			isa = XCBuildConfiguration;
			buildSettings = {
				ALWAYS_EMBED_SWIFT_STANDARD_LIBRARIES = YES;
				CODE_SIGN_STYLE = Automatic;
				DEVELOPMENT_TEAM = KX88HY9L2T;
				INFOPLIST_FILE = VoicEDUITests/Info.plist;
				LD_RUNPATH_SEARCH_PATHS = (
					"$(inherited)",
					"@executable_path/Frameworks",
					"@loader_path/Frameworks",
				);
				PRODUCT_BUNDLE_IDENTIFIER = com.lillyzhou.VoicEDUITests;
				PRODUCT_NAME = "$(TARGET_NAME)";
				SWIFT_VERSION = 4.2;
				TARGETED_DEVICE_FAMILY = "1,2";
				TEST_TARGET_NAME = VoicED;
			};
			name = Debug;
		};
		B5A74C9A21B0E79D001526F2 /* Release */ = {
			isa = XCBuildConfiguration;
			buildSettings = {
				ALWAYS_EMBED_SWIFT_STANDARD_LIBRARIES = YES;
				CODE_SIGN_STYLE = Automatic;
				DEVELOPMENT_TEAM = KX88HY9L2T;
				INFOPLIST_FILE = VoicEDUITests/Info.plist;
				LD_RUNPATH_SEARCH_PATHS = (
					"$(inherited)",
					"@executable_path/Frameworks",
					"@loader_path/Frameworks",
				);
				PRODUCT_BUNDLE_IDENTIFIER = com.lillyzhou.VoicEDUITests;
				PRODUCT_NAME = "$(TARGET_NAME)";
				SWIFT_VERSION = 4.2;
				TARGETED_DEVICE_FAMILY = "1,2";
				TEST_TARGET_NAME = VoicED;
			};
			name = Release;
		};
/* End XCBuildConfiguration section */

/* Begin XCConfigurationList section */
		B5A74C6521B0E79B001526F2 /* Build configuration list for PBXProject "VoicED" */ = {
			isa = XCConfigurationList;
			buildConfigurations = (
				B5A74C9021B0E79D001526F2 /* Debug */,
				B5A74C9121B0E79D001526F2 /* Release */,
			);
			defaultConfigurationIsVisible = 0;
			defaultConfigurationName = Release;
		};
		B5A74C9221B0E79D001526F2 /* Build configuration list for PBXNativeTarget "VoicED" */ = {
			isa = XCConfigurationList;
			buildConfigurations = (
				B5A74C9321B0E79D001526F2 /* Debug */,
				B5A74C9421B0E79D001526F2 /* Release */,
			);
			defaultConfigurationIsVisible = 0;
			defaultConfigurationName = Release;
		};
		B5A74C9521B0E79D001526F2 /* Build configuration list for PBXNativeTarget "VoicEDTests" */ = {
			isa = XCConfigurationList;
			buildConfigurations = (
				B5A74C9621B0E79D001526F2 /* Debug */,
				B5A74C9721B0E79D001526F2 /* Release */,
			);
			defaultConfigurationIsVisible = 0;
			defaultConfigurationName = Release;
		};
		B5A74C9821B0E79D001526F2 /* Build configuration list for PBXNativeTarget "VoicEDUITests" */ = {
			isa = XCConfigurationList;
			buildConfigurations = (
				B5A74C9921B0E79D001526F2 /* Debug */,
				B5A74C9A21B0E79D001526F2 /* Release */,
			);
			defaultConfigurationIsVisible = 0;
			defaultConfigurationName = Release;
		};
/* End XCConfigurationList section */
	};
	rootObject = B5A74C6221B0E79B001526F2 /* Project object */;
}
